// !$*UTF8*$!
{
	archiveVersion = 1;
	classes = {
	};
	objectVersion = 55;
	objects = {

/* Begin PBXBuildFile section */
		34211A8A27AC07D200501097 /* TabBarViewController.swift in Sources */ = {isa = PBXBuildFile; fileRef = 34211A8927AC07D200501097 /* TabBarViewController.swift */; };
		3434F9E9279DF4FD004EF8D6 /* Launch.swift in Sources */ = {isa = PBXBuildFile; fileRef = 3434F9E8279DF4FD004EF8D6 /* Launch.swift */; };
		3434F9EC279DF9FC004EF8D6 /* Login.swift in Sources */ = {isa = PBXBuildFile; fileRef = 3434F9EB279DF9FC004EF8D6 /* Login.swift */; };
		3453CAB1278D98210000C299 /* HomeViewController.swift in Sources */ = {isa = PBXBuildFile; fileRef = 3453CAB0278D98210000C299 /* HomeViewController.swift */; };
		346DCBE92771DDB80093CE22 /* AppDelegate.swift in Sources */ = {isa = PBXBuildFile; fileRef = 346DCBE82771DDB80093CE22 /* AppDelegate.swift */; };
		346DCBEB2771DDB80093CE22 /* SceneDelegate.swift in Sources */ = {isa = PBXBuildFile; fileRef = 346DCBEA2771DDB80093CE22 /* SceneDelegate.swift */; };
		346DCBED2771DDB80093CE22 /* LoginViewController.swift in Sources */ = {isa = PBXBuildFile; fileRef = 346DCBEC2771DDB80093CE22 /* LoginViewController.swift */; };
		346DCBF02771DDB80093CE22 /* Main.storyboard in Resources */ = {isa = PBXBuildFile; fileRef = 346DCBEE2771DDB80093CE22 /* Main.storyboard */; };
		346DCBF22771DDBA0093CE22 /* Assets.xcassets in Resources */ = {isa = PBXBuildFile; fileRef = 346DCBF12771DDBA0093CE22 /* Assets.xcassets */; };
		346DCBF52771DDBA0093CE22 /* LaunchScreen.storyboard in Resources */ = {isa = PBXBuildFile; fileRef = 346DCBF32771DDBA0093CE22 /* LaunchScreen.storyboard */; };
		B7A70A6C064928A9B6494CBB /* Pods_Edu_Hacking.framework in Frameworks */ = {isa = PBXBuildFile; fileRef = 8BCAA70CF2D6D02E994A9035 /* Pods_Edu_Hacking.framework */; };
/* End PBXBuildFile section */

/* Begin PBXFileReference section */
		34211A8927AC07D200501097 /* TabBarViewController.swift */ = {isa = PBXFileReference; lastKnownFileType = sourcecode.swift; path = TabBarViewController.swift; sourceTree = "<group>"; };
		3434F9E8279DF4FD004EF8D6 /* Launch.swift */ = {isa = PBXFileReference; lastKnownFileType = sourcecode.swift; path = Launch.swift; sourceTree = "<group>"; };
		3434F9EB279DF9FC004EF8D6 /* Login.swift */ = {isa = PBXFileReference; lastKnownFileType = sourcecode.swift; path = Login.swift; sourceTree = "<group>"; };
		3453CAB0278D98210000C299 /* HomeViewController.swift */ = {isa = PBXFileReference; lastKnownFileType = sourcecode.swift; path = HomeViewController.swift; sourceTree = "<group>"; };
		346DCBE52771DDB80093CE22 /* Edu Hacking.app */ = {isa = PBXFileReference; explicitFileType = wrapper.application; includeInIndex = 0; path = "Edu Hacking.app"; sourceTree = BUILT_PRODUCTS_DIR; };
		346DCBE82771DDB80093CE22 /* AppDelegate.swift */ = {isa = PBXFileReference; lastKnownFileType = sourcecode.swift; path = AppDelegate.swift; sourceTree = "<group>"; };
		346DCBEA2771DDB80093CE22 /* SceneDelegate.swift */ = {isa = PBXFileReference; lastKnownFileType = sourcecode.swift; path = SceneDelegate.swift; sourceTree = "<group>"; };
		346DCBEC2771DDB80093CE22 /* LoginViewController.swift */ = {isa = PBXFileReference; lastKnownFileType = sourcecode.swift; path = LoginViewController.swift; sourceTree = "<group>"; };
		346DCBEF2771DDB80093CE22 /* Base */ = {isa = PBXFileReference; lastKnownFileType = file.storyboard; name = Base; path = Base.lproj/Main.storyboard; sourceTree = "<group>"; };
		346DCBF12771DDBA0093CE22 /* Assets.xcassets */ = {isa = PBXFileReference; lastKnownFileType = folder.assetcatalog; path = Assets.xcassets; sourceTree = "<group>"; };
		346DCBF42771DDBA0093CE22 /* Base */ = {isa = PBXFileReference; lastKnownFileType = file.storyboard; name = Base; path = Base.lproj/LaunchScreen.storyboard; sourceTree = "<group>"; };
		346DCBF62771DDBA0093CE22 /* Info.plist */ = {isa = PBXFileReference; lastKnownFileType = text.plist.xml; path = Info.plist; sourceTree = "<group>"; };
		8BCAA70CF2D6D02E994A9035 /* Pods_Edu_Hacking.framework */ = {isa = PBXFileReference; explicitFileType = wrapper.framework; includeInIndex = 0; path = Pods_Edu_Hacking.framework; sourceTree = BUILT_PRODUCTS_DIR; };
		E28AF1D00B107E362F41DAC1 /* Pods-Edu Hacking.debug.xcconfig */ = {isa = PBXFileReference; includeInIndex = 1; lastKnownFileType = text.xcconfig; name = "Pods-Edu Hacking.debug.xcconfig"; path = "Target Support Files/Pods-Edu Hacking/Pods-Edu Hacking.debug.xcconfig"; sourceTree = "<group>"; };
		EFA9E59AAF6F83210B379553 /* Pods-Edu Hacking.release.xcconfig */ = {isa = PBXFileReference; includeInIndex = 1; lastKnownFileType = text.xcconfig; name = "Pods-Edu Hacking.release.xcconfig"; path = "Target Support Files/Pods-Edu Hacking/Pods-Edu Hacking.release.xcconfig"; sourceTree = "<group>"; };
/* End PBXFileReference section */

/* Begin PBXFrameworksBuildPhase section */
		346DCBE22771DDB80093CE22 /* Frameworks */ = {
			isa = PBXFrameworksBuildPhase;
			buildActionMask = 2147483647;
			files = (
				B7A70A6C064928A9B6494CBB /* Pods_Edu_Hacking.framework in Frameworks */,
			);
			runOnlyForDeploymentPostprocessing = 0;
		};
/* End PBXFrameworksBuildPhase section */

/* Begin PBXGroup section */
		3434F9E2279DF4AB004EF8D6 /* Componets */ = {
			isa = PBXGroup;
			children = (
				3434F9E8279DF4FD004EF8D6 /* Launch.swift */,
				3434F9EB279DF9FC004EF8D6 /* Login.swift */,
			);
			path = Componets;
			sourceTree = "<group>";
		};
		3434F9EA279DF9BC004EF8D6 /* Views */ = {
			isa = PBXGroup;
			children = (
				3453CAB0278D98210000C299 /* HomeViewController.swift */,
				346DCBEC2771DDB80093CE22 /* LoginViewController.swift */,
				34211A8927AC07D200501097 /* TabBarViewController.swift */,
				3434F9E2279DF4AB004EF8D6 /* Componets */,
			);
			path = Views;
			sourceTree = "<group>";
		};
		346DCBDC2771DDB80093CE22 = {
			isa = PBXGroup;
			children = (
				346DCBE72771DDB80093CE22 /* Edu Hacking */,
				346DCBE62771DDB80093CE22 /* Products */,
				83F0CDD30CE5B3ECEDD22FCE /* Pods */,
				58DC324FB4B5481F87603C75 /* Frameworks */,
			);
			sourceTree = "<group>";
		};
		346DCBE62771DDB80093CE22 /* Products */ = {
			isa = PBXGroup;
			children = (
				346DCBE52771DDB80093CE22 /* Edu Hacking.app */,
			);
			name = Products;
			sourceTree = "<group>";
		};
		346DCBE72771DDB80093CE22 /* Edu Hacking */ = {
			isa = PBXGroup;
			children = (
				3434F9EA279DF9BC004EF8D6 /* Views */,
				346DCBE82771DDB80093CE22 /* AppDelegate.swift */,
				346DCBEA2771DDB80093CE22 /* SceneDelegate.swift */,
				346DCBEE2771DDB80093CE22 /* Main.storyboard */,
				346DCBF12771DDBA0093CE22 /* Assets.xcassets */,
				346DCBF32771DDBA0093CE22 /* LaunchScreen.storyboard */,
				346DCBF62771DDBA0093CE22 /* Info.plist */,
			);
			path = "Edu Hacking";
			sourceTree = "<group>";
		};
		58DC324FB4B5481F87603C75 /* Frameworks */ = {
			isa = PBXGroup;
			children = (
				8BCAA70CF2D6D02E994A9035 /* Pods_Edu_Hacking.framework */,
			);
			name = Frameworks;
			sourceTree = "<group>";
		};
		83F0CDD30CE5B3ECEDD22FCE /* Pods */ = {
			isa = PBXGroup;
			children = (
				E28AF1D00B107E362F41DAC1 /* Pods-Edu Hacking.debug.xcconfig */,
				EFA9E59AAF6F83210B379553 /* Pods-Edu Hacking.release.xcconfig */,
			);
			name = Pods;
			path = Pods;
			sourceTree = "<group>";
		};
/* End PBXGroup section */

/* Begin PBXNativeTarget section */
		346DCBE42771DDB80093CE22 /* Edu Hacking */ = {
			isa = PBXNativeTarget;
			buildConfigurationList = 346DCBF92771DDBA0093CE22 /* Build configuration list for PBXNativeTarget "Edu Hacking" */;
			buildPhases = (
				5C7F841D83778AF649D0C7F0 /* [CP] Check Pods Manifest.lock */,
				346DCBE12771DDB80093CE22 /* Sources */,
				346DCBE22771DDB80093CE22 /* Frameworks */,
				346DCBE32771DDB80093CE22 /* Resources */,
				D561FE8E06FE0AE1CA477DE0 /* [CP] Embed Pods Frameworks */,
			);
			buildRules = (
			);
			dependencies = (
			);
			name = "Edu Hacking";
			productName = "Edu Hacking";
			productReference = 346DCBE52771DDB80093CE22 /* Edu Hacking.app */;
			productType = "com.apple.product-type.application";
		};
/* End PBXNativeTarget section */

/* Begin PBXProject section */
		346DCBDD2771DDB80093CE22 /* Project object */ = {
			isa = PBXProject;
			attributes = {
				BuildIndependentTargetsInParallel = 1;
				LastSwiftUpdateCheck = 1300;
				LastUpgradeCheck = 1300;
				TargetAttributes = {
					346DCBE42771DDB80093CE22 = {
						CreatedOnToolsVersion = 13.0;
					};
				};
			};
			buildConfigurationList = 346DCBE02771DDB80093CE22 /* Build configuration list for PBXProject "Edu Hacking" */;
			compatibilityVersion = "Xcode 13.0";
			developmentRegion = en;
			hasScannedForEncodings = 0;
			knownRegions = (
				en,
				Base,
			);
			mainGroup = 346DCBDC2771DDB80093CE22;
			productRefGroup = 346DCBE62771DDB80093CE22 /* Products */;
			projectDirPath = "";
			projectRoot = "";
			targets = (
				346DCBE42771DDB80093CE22 /* Edu Hacking */,
			);
		};
/* End PBXProject section */

/* Begin PBXResourcesBuildPhase section */
		346DCBE32771DDB80093CE22 /* Resources */ = {
			isa = PBXResourcesBuildPhase;
			buildActionMask = 2147483647;
			files = (
				346DCBF52771DDBA0093CE22 /* LaunchScreen.storyboard in Resources */,
				346DCBF22771DDBA0093CE22 /* Assets.xcassets in Resources */,
				346DCBF02771DDB80093CE22 /* Main.storyboard in Resources */,
			);
			runOnlyForDeploymentPostprocessing = 0;
		};
/* End PBXResourcesBuildPhase section */

/* Begin PBXShellScriptBuildPhase section */
		5C7F841D83778AF649D0C7F0 /* [CP] Check Pods Manifest.lock */ = {
			isa = PBXShellScriptBuildPhase;
			buildActionMask = 2147483647;
			files = (
			);
			inputFileListPaths = (
			);
			inputPaths = (
				"${PODS_PODFILE_DIR_PATH}/Podfile.lock",
				"${PODS_ROOT}/Manifest.lock",
			);
			name = "[CP] Check Pods Manifest.lock";
			outputFileListPaths = (
			);
			outputPaths = (
				"$(DERIVED_FILE_DIR)/Pods-Edu Hacking-checkManifestLockResult.txt",
			);
			runOnlyForDeploymentPostprocessing = 0;
			shellPath = /bin/sh;
			shellScript = "diff \"${PODS_PODFILE_DIR_PATH}/Podfile.lock\" \"${PODS_ROOT}/Manifest.lock\" > /dev/null\nif [ $? != 0 ] ; then\n    # print error to STDERR\n    echo \"error: The sandbox is not in sync with the Podfile.lock. Run 'pod install' or update your CocoaPods installation.\" >&2\n    exit 1\nfi\n# This output is used by Xcode 'outputs' to avoid re-running this script phase.\necho \"SUCCESS\" > \"${SCRIPT_OUTPUT_FILE_0}\"\n";
			showEnvVarsInLog = 0;
		};
		D561FE8E06FE0AE1CA477DE0 /* [CP] Embed Pods Frameworks */ = {
			isa = PBXShellScriptBuildPhase;
			buildActionMask = 2147483647;
			files = (
			);
			inputFileListPaths = (
				"${PODS_ROOT}/Target Support Files/Pods-Edu Hacking/Pods-Edu Hacking-frameworks-${CONFIGURATION}-input-files.xcfilelist",
			);
			name = "[CP] Embed Pods Frameworks";
			outputFileListPaths = (
				"${PODS_ROOT}/Target Support Files/Pods-Edu Hacking/Pods-Edu Hacking-frameworks-${CONFIGURATION}-output-files.xcfilelist",
			);
			runOnlyForDeploymentPostprocessing = 0;
			shellPath = /bin/sh;
			shellScript = "\"${PODS_ROOT}/Target Support Files/Pods-Edu Hacking/Pods-Edu Hacking-frameworks.sh\"\n";
			showEnvVarsInLog = 0;
		};
/* End PBXShellScriptBuildPhase section */

/* Begin PBXSourcesBuildPhase section */
		346DCBE12771DDB80093CE22 /* Sources */ = {
			isa = PBXSourcesBuildPhase;
			buildActionMask = 2147483647;
			files = (
				3453CAB1278D98210000C299 /* HomeViewController.swift in Sources */,
				346DCBED2771DDB80093CE22 /* LoginViewController.swift in Sources */,
				346DCBE92771DDB80093CE22 /* AppDelegate.swift in Sources */,
				3434F9EC279DF9FC004EF8D6 /* Login.swift in Sources */,
				34211A8A27AC07D200501097 /* TabBarViewController.swift in Sources */,
				3434F9E9279DF4FD004EF8D6 /* Launch.swift in Sources */,
				346DCBEB2771DDB80093CE22 /* SceneDelegate.swift in Sources */,
			);
			runOnlyForDeploymentPostprocessing = 0;
		};
/* End PBXSourcesBuildPhase section */

/* Begin PBXVariantGroup section */
		346DCBEE2771DDB80093CE22 /* Main.storyboard */ = {
			isa = PBXVariantGroup;
			children = (
				346DCBEF2771DDB80093CE22 /* Base */,
			);
			name = Main.storyboard;
			sourceTree = "<group>";
		};
		346DCBF32771DDBA0093CE22 /* LaunchScreen.storyboard */ = {
			isa = PBXVariantGroup;
			children = (
				346DCBF42771DDBA0093CE22 /* Base */,
			);
			name = LaunchScreen.storyboard;
			sourceTree = "<group>";
		};
/* End PBXVariantGroup section */

/* Begin XCBuildConfiguration section */
		346DCBF72771DDBA0093CE22 /* Debug */ = {
			isa = XCBuildConfiguration;
			buildSettings = {
				ALWAYS_SEARCH_USER_PATHS = NO;
				CLANG_ANALYZER_NONNULL = YES;
				CLANG_ANALYZER_NUMBER_OBJECT_CONVERSION = YES_AGGRESSIVE;
				CLANG_CXX_LANGUAGE_STANDARD = "gnu++17";
				CLANG_CXX_LIBRARY = "libc++";
				CLANG_ENABLE_MODULES = YES;
				CLANG_ENABLE_OBJC_ARC = YES;
				CLANG_ENABLE_OBJC_WEAK = YES;
				CLANG_WARN_BLOCK_CAPTURE_AUTORELEASING = YES;
				CLANG_WARN_BOOL_CONVERSION = YES;
				CLANG_WARN_COMMA = YES;
				CLANG_WARN_CONSTANT_CONVERSION = YES;
				CLANG_WARN_DEPRECATED_OBJC_IMPLEMENTATIONS = YES;
				CLANG_WARN_DIRECT_OBJC_ISA_USAGE = YES_ERROR;
				CLANG_WARN_DOCUMENTATION_COMMENTS = YES;
				CLANG_WARN_EMPTY_BODY = YES;
				CLANG_WARN_ENUM_CONVERSION = YES;
				CLANG_WARN_INFINITE_RECURSION = YES;
				CLANG_WARN_INT_CONVERSION = YES;
				CLANG_WARN_NON_LITERAL_NULL_CONVERSION = YES;
				CLANG_WARN_OBJC_IMPLICIT_RETAIN_SELF = YES;
				CLANG_WARN_OBJC_LITERAL_CONVERSION = YES;
				CLANG_WARN_OBJC_ROOT_CLASS = YES_ERROR;
				CLANG_WARN_QUOTED_INCLUDE_IN_FRAMEWORK_HEADER = YES;
				CLANG_WARN_RANGE_LOOP_ANALYSIS = YES;
				CLANG_WARN_STRICT_PROTOTYPES = YES;
				CLANG_WARN_SUSPICIOUS_MOVE = YES;
				CLANG_WARN_UNGUARDED_AVAILABILITY = YES_AGGRESSIVE;
				CLANG_WARN_UNREACHABLE_CODE = YES;
				CLANG_WARN__DUPLICATE_METHOD_MATCH = YES;
				COPY_PHASE_STRIP = NO;
				DEBUG_INFORMATION_FORMAT = dwarf;
				ENABLE_STRICT_OBJC_MSGSEND = YES;
				ENABLE_TESTABILITY = YES;
				GCC_C_LANGUAGE_STANDARD = gnu11;
				GCC_DYNAMIC_NO_PIC = NO;
				GCC_NO_COMMON_BLOCKS = YES;
				GCC_OPTIMIZATION_LEVEL = 0;
				GCC_PREPROCESSOR_DEFINITIONS = (
					"DEBUG=1",
					"$(inherited)",
				);
				GCC_WARN_64_TO_32_BIT_CONVERSION = YES;
				GCC_WARN_ABOUT_RETURN_TYPE = YES_ERROR;
				GCC_WARN_UNDECLARED_SELECTOR = YES;
				GCC_WARN_UNINITIALIZED_AUTOS = YES_AGGRESSIVE;
				GCC_WARN_UNUSED_FUNCTION = YES;
				GCC_WARN_UNUSED_VARIABLE = YES;
				IPHONEOS_DEPLOYMENT_TARGET = 15.0;
				MTL_ENABLE_DEBUG_INFO = INCLUDE_SOURCE;
				MTL_FAST_MATH = YES;
				ONLY_ACTIVE_ARCH = YES;
				SDKROOT = iphoneos;
				SWIFT_ACTIVE_COMPILATION_CONDITIONS = DEBUG;
				SWIFT_OPTIMIZATION_LEVEL = "-Onone";
			};
			name = Debug;
		};
		346DCBF82771DDBA0093CE22 /* Release */ = {
			isa = XCBuildConfiguration;
			buildSettings = {
				ALWAYS_SEARCH_USER_PATHS = NO;
				CLANG_ANALYZER_NONNULL = YES;
				CLANG_ANALYZER_NUMBER_OBJECT_CONVERSION = YES_AGGRESSIVE;
				CLANG_CXX_LANGUAGE_STANDARD = "gnu++17";
				CLANG_CXX_LIBRARY = "libc++";
				CLANG_ENABLE_MODULES = YES;
				CLANG_ENABLE_OBJC_ARC = YES;
				CLANG_ENABLE_OBJC_WEAK = YES;
				CLANG_WARN_BLOCK_CAPTURE_AUTORELEASING = YES;
				CLANG_WARN_BOOL_CONVERSION = YES;
				CLANG_WARN_COMMA = YES;
				CLANG_WARN_CONSTANT_CONVERSION = YES;
				CLANG_WARN_DEPRECATED_OBJC_IMPLEMENTATIONS = YES;
				CLANG_WARN_DIRECT_OBJC_ISA_USAGE = YES_ERROR;
				CLANG_WARN_DOCUMENTATION_COMMENTS = YES;
				CLANG_WARN_EMPTY_BODY = YES;
				CLANG_WARN_ENUM_CONVERSION = YES;
				CLANG_WARN_INFINITE_RECURSION = YES;
				CLANG_WARN_INT_CONVERSION = YES;
				CLANG_WARN_NON_LITERAL_NULL_CONVERSION = YES;
				CLANG_WARN_OBJC_IMPLICIT_RETAIN_SELF = YES;
				CLANG_WARN_OBJC_LITERAL_CONVERSION = YES;
				CLANG_WARN_OBJC_ROOT_CLASS = YES_ERROR;
				CLANG_WARN_QUOTED_INCLUDE_IN_FRAMEWORK_HEADER = YES;
				CLANG_WARN_RANGE_LOOP_ANALYSIS = YES;
				CLANG_WARN_STRICT_PROTOTYPES = YES;
				CLANG_WARN_SUSPICIOUS_MOVE = YES;
				CLANG_WARN_UNGUARDED_AVAILABILITY = YES_AGGRESSIVE;
				CLANG_WARN_UNREACHABLE_CODE = YES;
				CLANG_WARN__DUPLICATE_METHOD_MATCH = YES;
				COPY_PHASE_STRIP = NO;
				DEBUG_INFORMATION_FORMAT = "dwarf-with-dsym";
				ENABLE_NS_ASSERTIONS = NO;
				ENABLE_STRICT_OBJC_MSGSEND = YES;
				GCC_C_LANGUAGE_STANDARD = gnu11;
				GCC_NO_COMMON_BLOCKS = YES;
				GCC_WARN_64_TO_32_BIT_CONVERSION = YES;
				GCC_WARN_ABOUT_RETURN_TYPE = YES_ERROR;
				GCC_WARN_UNDECLARED_SELECTOR = YES;
				GCC_WARN_UNINITIALIZED_AUTOS = YES_AGGRESSIVE;
				GCC_WARN_UNUSED_FUNCTION = YES;
				GCC_WARN_UNUSED_VARIABLE = YES;
				IPHONEOS_DEPLOYMENT_TARGET = 15.0;
				MTL_ENABLE_DEBUG_INFO = NO;
				MTL_FAST_MATH = YES;
				SDKROOT = iphoneos;
				SWIFT_COMPILATION_MODE = wholemodule;
				SWIFT_OPTIMIZATION_LEVEL = "-O";
				VALIDATE_PRODUCT = YES;
			};
			name = Release;
		};
		346DCBFA2771DDBA0093CE22 /* Debug */ = {
			isa = XCBuildConfiguration;
			baseConfigurationReference = E28AF1D00B107E362F41DAC1 /* Pods-Edu Hacking.debug.xcconfig */;
			buildSettings = {
				ASSETCATALOG_COMPILER_APPICON_NAME = AppIcon;
				ASSETCATALOG_COMPILER_GLOBAL_ACCENT_COLOR_NAME = AccentColor;
				CODE_SIGN_STYLE = Automatic;
				CURRENT_PROJECT_VERSION = 1;
				GENERATE_INFOPLIST_FILE = YES;
				INFOPLIST_FILE = "Edu Hacking/Info.plist";
				INFOPLIST_KEY_UIApplicationSupportsIndirectInputEvents = YES;
				INFOPLIST_KEY_UILaunchStoryboardName = LaunchScreen;
				INFOPLIST_KEY_UIMainStoryboardFile = Main;
				INFOPLIST_KEY_UISupportedInterfaceOrientations_iPad = "UIInterfaceOrientationPortrait UIInterfaceOrientationPortraitUpsideDown UIInterfaceOrientationLandscapeLeft UIInterfaceOrientationLandscapeRight";
				INFOPLIST_KEY_UISupportedInterfaceOrientations_iPhone = "UIInterfaceOrientationPortrait UIInterfaceOrientationLandscapeLeft UIInterfaceOrientationLandscapeRight";
				LD_RUNPATH_SEARCH_PATHS = (
					"$(inherited)",
					"@executable_path/Frameworks",
				);
				MARKETING_VERSION = 1.0;
				PRODUCT_BUNDLE_IDENTIFIER = "Hacking-with-swift.Edu-Hacking";
				PRODUCT_NAME = "$(TARGET_NAME)";
				SWIFT_EMIT_LOC_STRINGS = YES;
				SWIFT_VERSION = 5.0;
				TARGETED_DEVICE_FAMILY = "1,2";
			};
			name = Debug;
		};
		346DCBFB2771DDBA0093CE22 /* Release */ = {
			isa = XCBuildConfiguration;
			baseConfigurationReference = EFA9E59AAF6F83210B379553 /* Pods-Edu Hacking.release.xcconfig */;
			buildSettings = {
				ASSETCATALOG_COMPILER_APPICON_NAME = AppIcon;
				ASSETCATALOG_COMPILER_GLOBAL_ACCENT_COLOR_NAME = AccentColor;
				CODE_SIGN_STYLE = Automatic;
				CURRENT_PROJECT_VERSION = 1;
				GENERATE_INFOPLIST_FILE = YES;
				INFOPLIST_FILE = "Edu Hacking/Info.plist";
				INFOPLIST_KEY_UIApplicationSupportsIndirectInputEvents = YES;
				INFOPLIST_KEY_UILaunchStoryboardName = LaunchScreen;
				INFOPLIST_KEY_UIMainStoryboardFile = Main;
				INFOPLIST_KEY_UISupportedInterfaceOrientations_iPad = "UIInterfaceOrientationPortrait UIInterfaceOrientationPortraitUpsideDown UIInterfaceOrientationLandscapeLeft UIInterfaceOrientationLandscapeRight";
				INFOPLIST_KEY_UISupportedInterfaceOrientations_iPhone = "UIInterfaceOrientationPortrait UIInterfaceOrientationLandscapeLeft UIInterfaceOrientationLandscapeRight";
				LD_RUNPATH_SEARCH_PATHS = (
					"$(inherited)",
					"@executable_path/Frameworks",
				);
				MARKETING_VERSION = 1.0;
				PRODUCT_BUNDLE_IDENTIFIER = "Hacking-with-swift.Edu-Hacking";
				PRODUCT_NAME = "$(TARGET_NAME)";
				SWIFT_EMIT_LOC_STRINGS = YES;
				SWIFT_VERSION = 5.0;
				TARGETED_DEVICE_FAMILY = "1,2";
			};
			name = Release;
		};
/* End XCBuildConfiguration section */

/* Begin XCConfigurationList section */
		346DCBE02771DDB80093CE22 /* Build configuration list for PBXProject "Edu Hacking" */ = {
			isa = XCConfigurationList;
			buildConfigurations = (
				346DCBF72771DDBA0093CE22 /* Debug */,
				346DCBF82771DDBA0093CE22 /* Release */,
			);
			defaultConfigurationIsVisible = 0;
			defaultConfigurationName = Release;
		};
		346DCBF92771DDBA0093CE22 /* Build configuration list for PBXNativeTarget "Edu Hacking" */ = {
			isa = XCConfigurationList;
			buildConfigurations = (
				346DCBFA2771DDBA0093CE22 /* Debug */,
				346DCBFB2771DDBA0093CE22 /* Release */,
			);
			defaultConfigurationIsVisible = 0;
			defaultConfigurationName = Release;
		};
/* End XCConfigurationList section */
	};
	rootObject = 346DCBDD2771DDB80093CE22 /* Project object */;
}
